// !$*UTF8*$!
{
	archiveVersion = 1;
	classes = {
	};
	objectVersion = 51;
	objects = {

/* Begin PBXBuildFile section */
		534FB92F24A3AC4600A11376 /* AppDelegate.swift in Sources */ = {isa = PBXBuildFile; fileRef = 534FB92E24A3AC4600A11376 /* AppDelegate.swift */; };
		534FB93124A3AC4600A11376 /* SceneDelegate.swift in Sources */ = {isa = PBXBuildFile; fileRef = 534FB93024A3AC4600A11376 /* SceneDelegate.swift */; };
		534FB93824A3AC4600A11376 /* Main.storyboard in Resources */ = {isa = PBXBuildFile; fileRef = 534FB93624A3AC4600A11376 /* Main.storyboard */; };
		534FB93A24A3AC4A00A11376 /* Assets.xcassets in Resources */ = {isa = PBXBuildFile; fileRef = 534FB93924A3AC4A00A11376 /* Assets.xcassets */; };
		534FB93D24A3AC4A00A11376 /* LaunchScreen.storyboard in Resources */ = {isa = PBXBuildFile; fileRef = 534FB93B24A3AC4A00A11376 /* LaunchScreen.storyboard */; };
		534FB94524A3B47B00A11376 /* SignUpViewController.swift in Sources */ = {isa = PBXBuildFile; fileRef = 534FB94424A3B47B00A11376 /* SignUpViewController.swift */; };
		534FB94724A3B48500A11376 /* LogInViewController.swift in Sources */ = {isa = PBXBuildFile; fileRef = 534FB94624A3B48500A11376 /* LogInViewController.swift */; };
		534FB94B24A5A43800A11376 /* GoogleService-Info.plist in Resources */ = {isa = PBXBuildFile; fileRef = 534FB94A24A5A43800A11376 /* GoogleService-Info.plist */; };
		534FB94D24A5AFC300A11376 /* SettingsViewController.swift in Sources */ = {isa = PBXBuildFile; fileRef = 534FB94C24A5AFC300A11376 /* SettingsViewController.swift */; };
		534FB95324A5B3BA00A11376 /* ProfileViewController.swift in Sources */ = {isa = PBXBuildFile; fileRef = 534FB95224A5B3BA00A11376 /* ProfileViewController.swift */; };
		534FB95524A5B64200A11376 /* CardViewController.swift in Sources */ = {isa = PBXBuildFile; fileRef = 534FB95424A5B64200A11376 /* CardViewController.swift */; };
		534FB95724A5C3A800A11376 /* Card.swift in Sources */ = {isa = PBXBuildFile; fileRef = 534FB95624A5C3A800A11376 /* Card.swift */; };
		539CBC8624A96473003299EC /* HomeViewController.swift in Sources */ = {isa = PBXBuildFile; fileRef = 539CBC8524A96473003299EC /* HomeViewController.swift */; };
		539CBC8A24A97107003299EC /* User.swift in Sources */ = {isa = PBXBuildFile; fileRef = 539CBC8924A97107003299EC /* User.swift */; };
		B25725CBCE07A628076E6AE5 /* Pods_Showcase.framework in Frameworks */ = {isa = PBXBuildFile; fileRef = 83950E83F27C7CFD3C942B1F /* Pods_Showcase.framework */; };
/* End PBXBuildFile section */

/* Begin PBXFileReference section */
		05C2B9BDB8E7D164E5B847EF /* Pods-Showcase.release.xcconfig */ = {isa = PBXFileReference; includeInIndex = 1; lastKnownFileType = text.xcconfig; name = "Pods-Showcase.release.xcconfig"; path = "Target Support Files/Pods-Showcase/Pods-Showcase.release.xcconfig"; sourceTree = "<group>"; };
		534FB92B24A3AC4600A11376 /* Showcase.app */ = {isa = PBXFileReference; explicitFileType = wrapper.application; includeInIndex = 0; path = Showcase.app; sourceTree = BUILT_PRODUCTS_DIR; };
		534FB92E24A3AC4600A11376 /* AppDelegate.swift */ = {isa = PBXFileReference; lastKnownFileType = sourcecode.swift; path = AppDelegate.swift; sourceTree = "<group>"; };
		534FB93024A3AC4600A11376 /* SceneDelegate.swift */ = {isa = PBXFileReference; lastKnownFileType = sourcecode.swift; path = SceneDelegate.swift; sourceTree = "<group>"; };
		534FB93724A3AC4600A11376 /* Base */ = {isa = PBXFileReference; lastKnownFileType = file.storyboard; name = Base; path = Base.lproj/Main.storyboard; sourceTree = "<group>"; };
		534FB93924A3AC4A00A11376 /* Assets.xcassets */ = {isa = PBXFileReference; lastKnownFileType = folder.assetcatalog; path = Assets.xcassets; sourceTree = "<group>"; };
		534FB93C24A3AC4A00A11376 /* Base */ = {isa = PBXFileReference; lastKnownFileType = file.storyboard; name = Base; path = Base.lproj/LaunchScreen.storyboard; sourceTree = "<group>"; };
		534FB93E24A3AC4A00A11376 /* Info.plist */ = {isa = PBXFileReference; lastKnownFileType = text.plist.xml; path = Info.plist; sourceTree = "<group>"; };
		534FB94424A3B47B00A11376 /* SignUpViewController.swift */ = {isa = PBXFileReference; lastKnownFileType = sourcecode.swift; path = SignUpViewController.swift; sourceTree = "<group>"; };
		534FB94624A3B48500A11376 /* LogInViewController.swift */ = {isa = PBXFileReference; lastKnownFileType = sourcecode.swift; path = LogInViewController.swift; sourceTree = "<group>"; };
		534FB94A24A5A43800A11376 /* GoogleService-Info.plist */ = {isa = PBXFileReference; fileEncoding = 4; lastKnownFileType = text.plist.xml; path = "GoogleService-Info.plist"; sourceTree = "<group>"; };
		534FB94C24A5AFC300A11376 /* SettingsViewController.swift */ = {isa = PBXFileReference; lastKnownFileType = sourcecode.swift; path = SettingsViewController.swift; sourceTree = "<group>"; };
		534FB95224A5B3BA00A11376 /* ProfileViewController.swift */ = {isa = PBXFileReference; lastKnownFileType = sourcecode.swift; path = ProfileViewController.swift; sourceTree = "<group>"; };
		534FB95424A5B64200A11376 /* CardViewController.swift */ = {isa = PBXFileReference; lastKnownFileType = sourcecode.swift; path = CardViewController.swift; sourceTree = "<group>"; };
		534FB95624A5C3A800A11376 /* Card.swift */ = {isa = PBXFileReference; lastKnownFileType = sourcecode.swift; path = Card.swift; sourceTree = "<group>"; };
		539CBC8524A96473003299EC /* HomeViewController.swift */ = {isa = PBXFileReference; lastKnownFileType = sourcecode.swift; path = HomeViewController.swift; sourceTree = "<group>"; };
		539CBC8924A97107003299EC /* User.swift */ = {isa = PBXFileReference; lastKnownFileType = sourcecode.swift; path = User.swift; sourceTree = "<group>"; };
		7E22704F4D2EF5966FABFCD0 /* Pods-Showcase.debug.xcconfig */ = {isa = PBXFileReference; includeInIndex = 1; lastKnownFileType = text.xcconfig; name = "Pods-Showcase.debug.xcconfig"; path = "Target Support Files/Pods-Showcase/Pods-Showcase.debug.xcconfig"; sourceTree = "<group>"; };
		83950E83F27C7CFD3C942B1F /* Pods_Showcase.framework */ = {isa = PBXFileReference; explicitFileType = wrapper.framework; includeInIndex = 0; path = Pods_Showcase.framework; sourceTree = BUILT_PRODUCTS_DIR; };
/* End PBXFileReference section */

/* Begin PBXFrameworksBuildPhase section */
		534FB92824A3AC4600A11376 /* Frameworks */ = {
			isa = PBXFrameworksBuildPhase;
			buildActionMask = 2147483647;
			files = (
				B25725CBCE07A628076E6AE5 /* Pods_Showcase.framework in Frameworks */,
			);
			runOnlyForDeploymentPostprocessing = 0;
		};
/* End PBXFrameworksBuildPhase section */

/* Begin PBXGroup section */
		534FB92224A3AC4600A11376 = {
			isa = PBXGroup;
			children = (
				534FB92D24A3AC4600A11376 /* Showcase */,
				534FB92C24A3AC4600A11376 /* Products */,
				853EDF912243E2F47575AA49 /* Pods */,
				9F2AC15FABCA2AAC3B89BA75 /* Frameworks */,
			);
			sourceTree = "<group>";
		};
		534FB92C24A3AC4600A11376 /* Products */ = {
			isa = PBXGroup;
			children = (
				534FB92B24A3AC4600A11376 /* Showcase.app */,
			);
			name = Products;
			sourceTree = "<group>";
		};
		534FB92D24A3AC4600A11376 /* Showcase */ = {
			isa = PBXGroup;
			children = (
				534FB94A24A5A43800A11376 /* GoogleService-Info.plist */,
				534FB92E24A3AC4600A11376 /* AppDelegate.swift */,
				534FB93024A3AC4600A11376 /* SceneDelegate.swift */,
				534FB93624A3AC4600A11376 /* Main.storyboard */,
				534FB93924A3AC4A00A11376 /* Assets.xcassets */,
				534FB93B24A3AC4A00A11376 /* LaunchScreen.storyboard */,
				534FB93E24A3AC4A00A11376 /* Info.plist */,
				534FB94424A3B47B00A11376 /* SignUpViewController.swift */,
				534FB94624A3B48500A11376 /* LogInViewController.swift */,
				534FB94C24A5AFC300A11376 /* SettingsViewController.swift */,
				534FB95224A5B3BA00A11376 /* ProfileViewController.swift */,
				534FB95424A5B64200A11376 /* CardViewController.swift */,
				534FB95624A5C3A800A11376 /* Card.swift */,
				539CBC8524A96473003299EC /* HomeViewController.swift */,
				539CBC8924A97107003299EC /* User.swift */,
			);
			path = Showcase;
			sourceTree = "<group>";
		};
		853EDF912243E2F47575AA49 /* Pods */ = {
			isa = PBXGroup;
			children = (
				7E22704F4D2EF5966FABFCD0 /* Pods-Showcase.debug.xcconfig */,
				05C2B9BDB8E7D164E5B847EF /* Pods-Showcase.release.xcconfig */,
			);
			path = Pods;
			sourceTree = "<group>";
		};
		9F2AC15FABCA2AAC3B89BA75 /* Frameworks */ = {
			isa = PBXGroup;
			children = (
				83950E83F27C7CFD3C942B1F /* Pods_Showcase.framework */,
			);
			name = Frameworks;
			sourceTree = "<group>";
		};
/* End PBXGroup section */

/* Begin PBXNativeTarget section */
		534FB92A24A3AC4600A11376 /* Showcase */ = {
			isa = PBXNativeTarget;
			buildConfigurationList = 534FB94124A3AC4A00A11376 /* Build configuration list for PBXNativeTarget "Showcase" */;
			buildPhases = (
				F077267F4FAC6D41AEA5C78B /* [CP] Check Pods Manifest.lock */,
				534FB92724A3AC4600A11376 /* Sources */,
				534FB92824A3AC4600A11376 /* Frameworks */,
				534FB92924A3AC4600A11376 /* Resources */,
				E13C8501A7FCA34D0502DCAF /* [CP] Embed Pods Frameworks */,
			);
			buildRules = (
			);
			dependencies = (
			);
			name = Showcase;
			productName = Showcase;
			productReference = 534FB92B24A3AC4600A11376 /* Showcase.app */;
			productType = "com.apple.product-type.application";
		};
/* End PBXNativeTarget section */

/* Begin PBXProject section */
		534FB92324A3AC4600A11376 /* Project object */ = {
			isa = PBXProject;
			attributes = {
				LastSwiftUpdateCheck = 1150;
				LastUpgradeCheck = 1150;
				ORGANIZATIONNAME = "Lawrence Lin";
				TargetAttributes = {
					534FB92A24A3AC4600A11376 = {
						CreatedOnToolsVersion = 11.5;
					};
				};
			};
			buildConfigurationList = 534FB92624A3AC4600A11376 /* Build configuration list for PBXProject "Showcase" */;
			compatibilityVersion = "Xcode 9.3";
			developmentRegion = en;
			hasScannedForEncodings = 0;
			knownRegions = (
				en,
				Base,
			);
			mainGroup = 534FB92224A3AC4600A11376;
			productRefGroup = 534FB92C24A3AC4600A11376 /* Products */;
			projectDirPath = "";
			projectRoot = "";
			targets = (
				534FB92A24A3AC4600A11376 /* Showcase */,
			);
		};
/* End PBXProject section */

/* Begin PBXResourcesBuildPhase section */
		534FB92924A3AC4600A11376 /* Resources */ = {
			isa = PBXResourcesBuildPhase;
			buildActionMask = 2147483647;
			files = (
				534FB93D24A3AC4A00A11376 /* LaunchScreen.storyboard in Resources */,
				534FB94B24A5A43800A11376 /* GoogleService-Info.plist in Resources */,
				534FB93A24A3AC4A00A11376 /* Assets.xcassets in Resources */,
				534FB93824A3AC4600A11376 /* Main.storyboard in Resources */,
			);
			runOnlyForDeploymentPostprocessing = 0;
		};
/* End PBXResourcesBuildPhase section */

/* Begin PBXShellScriptBuildPhase section */
		E13C8501A7FCA34D0502DCAF /* [CP] Embed Pods Frameworks */ = {
			isa = PBXShellScriptBuildPhase;
			buildActionMask = 2147483647;
			files = (
			);
			inputFileListPaths = (
				"${PODS_ROOT}/Target Support Files/Pods-Showcase/Pods-Showcase-frameworks-${CONFIGURATION}-input-files.xcfilelist",
			);
			name = "[CP] Embed Pods Frameworks";
			outputFileListPaths = (
				"${PODS_ROOT}/Target Support Files/Pods-Showcase/Pods-Showcase-frameworks-${CONFIGURATION}-output-files.xcfilelist",
			);
			runOnlyForDeploymentPostprocessing = 0;
			shellPath = /bin/sh;
			shellScript = "\"${PODS_ROOT}/Target Support Files/Pods-Showcase/Pods-Showcase-frameworks.sh\"\n";
			showEnvVarsInLog = 0;
		};
		F077267F4FAC6D41AEA5C78B /* [CP] Check Pods Manifest.lock */ = {
			isa = PBXShellScriptBuildPhase;
			buildActionMask = 2147483647;
			files = (
			);
			inputFileListPaths = (
			);
			inputPaths = (
				"${PODS_PODFILE_DIR_PATH}/Podfile.lock",
				"${PODS_ROOT}/Manifest.lock",
			);
			name = "[CP] Check Pods Manifest.lock";
			outputFileListPaths = (
			);
			outputPaths = (
				"$(DERIVED_FILE_DIR)/Pods-Showcase-checkManifestLockResult.txt",
			);
			runOnlyForDeploymentPostprocessing = 0;
			shellPath = /bin/sh;
			shellScript = "diff \"${PODS_PODFILE_DIR_PATH}/Podfile.lock\" \"${PODS_ROOT}/Manifest.lock\" > /dev/null\nif [ $? != 0 ] ; then\n    # print error to STDERR\n    echo \"error: The sandbox is not in sync with the Podfile.lock. Run 'pod install' or update your CocoaPods installation.\" >&2\n    exit 1\nfi\n# This output is used by Xcode 'outputs' to avoid re-running this script phase.\necho \"SUCCESS\" > \"${SCRIPT_OUTPUT_FILE_0}\"\n";
			showEnvVarsInLog = 0;
		};
/* End PBXShellScriptBuildPhase section */

/* Begin PBXSourcesBuildPhase section */
		534FB92724A3AC4600A11376 /* Sources */ = {
			isa = PBXSourcesBuildPhase;
			buildActionMask = 2147483647;
			files = (
				534FB95724A5C3A800A11376 /* Card.swift in Sources */,
				534FB94724A3B48500A11376 /* LogInViewController.swift in Sources */,
				534FB94524A3B47B00A11376 /* SignUpViewController.swift in Sources */,
				534FB92F24A3AC4600A11376 /* AppDelegate.swift in Sources */,
				534FB95524A5B64200A11376 /* CardViewController.swift in Sources */,
				539CBC8624A96473003299EC /* HomeViewController.swift in Sources */,
				534FB95324A5B3BA00A11376 /* ProfileViewController.swift in Sources */,
				534FB93124A3AC4600A11376 /* SceneDelegate.swift in Sources */,
				539CBC8A24A97107003299EC /* User.swift in Sources */,
				534FB94D24A5AFC300A11376 /* SettingsViewController.swift in Sources */,
			);
			runOnlyForDeploymentPostprocessing = 0;
		};
/* End PBXSourcesBuildPhase section */

/* Begin PBXVariantGroup section */
		534FB93624A3AC4600A11376 /* Main.storyboard */ = {
			isa = PBXVariantGroup;
			children = (
				534FB93724A3AC4600A11376 /* Base */,
			);
			name = Main.storyboard;
			sourceTree = "<group>";
		};
		534FB93B24A3AC4A00A11376 /* LaunchScreen.storyboard */ = {
			isa = PBXVariantGroup;
			children = (
				534FB93C24A3AC4A00A11376 /* Base */,
			);
			name = LaunchScreen.storyboard;
			sourceTree = "<group>";
		};
/* End PBXVariantGroup section */

/* Begin XCBuildConfiguration section */
		534FB93F24A3AC4A00A11376 /* Debug */ = {
			isa = XCBuildConfiguration;
			buildSettings = {
				ALWAYS_SEARCH_USER_PATHS = NO;
				CLANG_ANALYZER_NONNULL = YES;
				CLANG_ANALYZER_NUMBER_OBJECT_CONVERSION = YES_AGGRESSIVE;
				CLANG_CXX_LANGUAGE_STANDARD = "gnu++14";
				CLANG_CXX_LIBRARY = "libc++";
				CLANG_ENABLE_MODULES = YES;
				CLANG_ENABLE_OBJC_ARC = YES;
				CLANG_ENABLE_OBJC_WEAK = YES;
				CLANG_WARN_BLOCK_CAPTURE_AUTORELEASING = YES;
				CLANG_WARN_BOOL_CONVERSION = YES;
				CLANG_WARN_COMMA = YES;
				CLANG_WARN_CONSTANT_CONVERSION = YES;
				CLANG_WARN_DEPRECATED_OBJC_IMPLEMENTATIONS = YES;
				CLANG_WARN_DIRECT_OBJC_ISA_USAGE = YES_ERROR;
				CLANG_WARN_DOCUMENTATION_COMMENTS = YES;
				CLANG_WARN_EMPTY_BODY = YES;
				CLANG_WARN_ENUM_CONVERSION = YES;
				CLANG_WARN_INFINITE_RECURSION = YES;
				CLANG_WARN_INT_CONVERSION = YES;
				CLANG_WARN_NON_LITERAL_NULL_CONVERSION = YES;
				CLANG_WARN_OBJC_IMPLICIT_RETAIN_SELF = YES;
				CLANG_WARN_OBJC_LITERAL_CONVERSION = YES;
				CLANG_WARN_OBJC_ROOT_CLASS = YES_ERROR;
				CLANG_WARN_RANGE_LOOP_ANALYSIS = YES;
				CLANG_WARN_STRICT_PROTOTYPES = YES;
				CLANG_WARN_SUSPICIOUS_MOVE = YES;
				CLANG_WARN_UNGUARDED_AVAILABILITY = YES_AGGRESSIVE;
				CLANG_WARN_UNREACHABLE_CODE = YES;
				CLANG_WARN__DUPLICATE_METHOD_MATCH = YES;
				COPY_PHASE_STRIP = NO;
				DEBUG_INFORMATION_FORMAT = dwarf;
				ENABLE_STRICT_OBJC_MSGSEND = YES;
				ENABLE_TESTABILITY = YES;
				GCC_C_LANGUAGE_STANDARD = gnu11;
				GCC_DYNAMIC_NO_PIC = NO;
				GCC_NO_COMMON_BLOCKS = YES;
				GCC_OPTIMIZATION_LEVEL = 0;
				GCC_PREPROCESSOR_DEFINITIONS = (
					"DEBUG=1",
					"$(inherited)",
				);
				GCC_WARN_64_TO_32_BIT_CONVERSION = YES;
				GCC_WARN_ABOUT_RETURN_TYPE = YES_ERROR;
				GCC_WARN_UNDECLARED_SELECTOR = YES;
				GCC_WARN_UNINITIALIZED_AUTOS = YES_AGGRESSIVE;
				GCC_WARN_UNUSED_FUNCTION = YES;
				GCC_WARN_UNUSED_VARIABLE = YES;
				IPHONEOS_DEPLOYMENT_TARGET = 13.5;
				MTL_ENABLE_DEBUG_INFO = INCLUDE_SOURCE;
				MTL_FAST_MATH = YES;
				ONLY_ACTIVE_ARCH = YES;
				SDKROOT = iphoneos;
				SWIFT_ACTIVE_COMPILATION_CONDITIONS = DEBUG;
				SWIFT_OPTIMIZATION_LEVEL = "-Onone";
			};
			name = Debug;
		};
		534FB94024A3AC4A00A11376 /* Release */ = {
			isa = XCBuildConfiguration;
			buildSettings = {
				ALWAYS_SEARCH_USER_PATHS = NO;
				CLANG_ANALYZER_NONNULL = YES;
				CLANG_ANALYZER_NUMBER_OBJECT_CONVERSION = YES_AGGRESSIVE;
				CLANG_CXX_LANGUAGE_STANDARD = "gnu++14";
				CLANG_CXX_LIBRARY = "libc++";
				CLANG_ENABLE_MODULES = YES;
				CLANG_ENABLE_OBJC_ARC = YES;
				CLANG_ENABLE_OBJC_WEAK = YES;
				CLANG_WARN_BLOCK_CAPTURE_AUTORELEASING = YES;
				CLANG_WARN_BOOL_CONVERSION = YES;
				CLANG_WARN_COMMA = YES;
				CLANG_WARN_CONSTANT_CONVERSION = YES;
				CLANG_WARN_DEPRECATED_OBJC_IMPLEMENTATIONS = YES;
				CLANG_WARN_DIRECT_OBJC_ISA_USAGE = YES_ERROR;
				CLANG_WARN_DOCUMENTATION_COMMENTS = YES;
				CLANG_WARN_EMPTY_BODY = YES;
				CLANG_WARN_ENUM_CONVERSION = YES;
				CLANG_WARN_INFINITE_RECURSION = YES;
				CLANG_WARN_INT_CONVERSION = YES;
				CLANG_WARN_NON_LITERAL_NULL_CONVERSION = YES;
				CLANG_WARN_OBJC_IMPLICIT_RETAIN_SELF = YES;
				CLANG_WARN_OBJC_LITERAL_CONVERSION = YES;
				CLANG_WARN_OBJC_ROOT_CLASS = YES_ERROR;
				CLANG_WARN_RANGE_LOOP_ANALYSIS = YES;
				CLANG_WARN_STRICT_PROTOTYPES = YES;
				CLANG_WARN_SUSPICIOUS_MOVE = YES;
				CLANG_WARN_UNGUARDED_AVAILABILITY = YES_AGGRESSIVE;
				CLANG_WARN_UNREACHABLE_CODE = YES;
				CLANG_WARN__DUPLICATE_METHOD_MATCH = YES;
				COPY_PHASE_STRIP = NO;
				DEBUG_INFORMATION_FORMAT = "dwarf-with-dsym";
				ENABLE_NS_ASSERTIONS = NO;
				ENABLE_STRICT_OBJC_MSGSEND = YES;
				GCC_C_LANGUAGE_STANDARD = gnu11;
				GCC_NO_COMMON_BLOCKS = YES;
				GCC_WARN_64_TO_32_BIT_CONVERSION = YES;
				GCC_WARN_ABOUT_RETURN_TYPE = YES_ERROR;
				GCC_WARN_UNDECLARED_SELECTOR = YES;
				GCC_WARN_UNINITIALIZED_AUTOS = YES_AGGRESSIVE;
				GCC_WARN_UNUSED_FUNCTION = YES;
				GCC_WARN_UNUSED_VARIABLE = YES;
				IPHONEOS_DEPLOYMENT_TARGET = 13.5;
				MTL_ENABLE_DEBUG_INFO = NO;
				MTL_FAST_MATH = YES;
				SDKROOT = iphoneos;
				SWIFT_COMPILATION_MODE = wholemodule;
				SWIFT_OPTIMIZATION_LEVEL = "-O";
				VALIDATE_PRODUCT = YES;
			};
			name = Release;
		};
		534FB94224A3AC4A00A11376 /* Debug */ = {
			isa = XCBuildConfiguration;
			baseConfigurationReference = 7E22704F4D2EF5966FABFCD0 /* Pods-Showcase.debug.xcconfig */;
			buildSettings = {
				ASSETCATALOG_COMPILER_APPICON_NAME = AppIcon;
				CODE_SIGN_STYLE = Automatic;
				INFOPLIST_FILE = Showcase/Info.plist;
				LD_RUNPATH_SEARCH_PATHS = (
					"$(inherited)",
					"@executable_path/Frameworks",
				);
				PRODUCT_BUNDLE_IDENTIFIER = CSE390.Showcase;
				PRODUCT_NAME = "$(TARGET_NAME)";
				SWIFT_VERSION = 5.0;
				TARGETED_DEVICE_FAMILY = "1,2";
			};
			name = Debug;
		};
		534FB94324A3AC4A00A11376 /* Release */ = {
			isa = XCBuildConfiguration;
			baseConfigurationReference = 05C2B9BDB8E7D164E5B847EF /* Pods-Showcase.release.xcconfig */;
			buildSettings = {
				ASSETCATALOG_COMPILER_APPICON_NAME = AppIcon;
				CODE_SIGN_STYLE = Automatic;
				INFOPLIST_FILE = Showcase/Info.plist;
				LD_RUNPATH_SEARCH_PATHS = (
					"$(inherited)",
					"@executable_path/Frameworks",
				);
				PRODUCT_BUNDLE_IDENTIFIER = CSE390.Showcase;
				PRODUCT_NAME = "$(TARGET_NAME)";
				SWIFT_VERSION = 5.0;
				TARGETED_DEVICE_FAMILY = "1,2";
			};
			name = Release;
		};
/* End XCBuildConfiguration section */

/* Begin XCConfigurationList section */
		534FB92624A3AC4600A11376 /* Build configuration list for PBXProject "Showcase" */ = {
			isa = XCConfigurationList;
			buildConfigurations = (
				534FB93F24A3AC4A00A11376 /* Debug */,
				534FB94024A3AC4A00A11376 /* Release */,
			);
			defaultConfigurationIsVisible = 0;
			defaultConfigurationName = Release;
		};
		534FB94124A3AC4A00A11376 /* Build configuration list for PBXNativeTarget "Showcase" */ = {
			isa = XCConfigurationList;
			buildConfigurations = (
				534FB94224A3AC4A00A11376 /* Debug */,
				534FB94324A3AC4A00A11376 /* Release */,
			);
			defaultConfigurationIsVisible = 0;
			defaultConfigurationName = Release;
		};
/* End XCConfigurationList section */
	};
	rootObject = 534FB92324A3AC4600A11376 /* Project object */;
}
